
Microsoft Visual Studio Solution File, Format Version 12.00
# Visual Studio 2013
VisualStudioVersion = 12.0.31101.0
MinimumVisualStudioVersion = 10.0.40219.1
Project("[PROJECT_GUID]") = "SOLUTION.Tests", "SOLUTION\Tests\SOLUTION.Tests.csproj", "[TEST_GUID]"
EndProject
Project("[PROJECT_GUID]") = "SOLUTION", "SOLUTION\SOLUTION.csproj", "[LIB_GUID]"
EndProject
Global
	GlobalSection(SolutionConfigurationPlatforms) = preSolution
		Debug|Any CPU = Debug|Any CPU
		Release|Any CPU = Release|Any CPU
	EndGlobalSection
	GlobalSection(ProjectConfigurationPlatforms) = postSolution
		[TEST_GUID].Debug|Any CPU.ActiveCfg = Debug|Any CPU
		[TEST_GUID].Debug|Any CPU.Build.0 = Debug|Any CPU
		[TEST_GUID].Release|Any CPU.ActiveCfg = Release|Any CPU
		[TEST_GUID].Release|Any CPU.Build.0 = Release|Any CPU
		[LIB_GUID].Debug|Any CPU.ActiveCfg = Debug|Any CPU
		[LIB_GUID].Debug|Any CPU.Build.0 = Debug|Any CPU
		[LIB_GUID].Release|Any CPU.ActiveCfg = Release|Any CPU
		[LIB_GUID].Release|Any CPU.Build.0 = Release|Any CPU
	EndGlobalSection
	GlobalSection(SolutionProperties) = preSolution
		HideSolutionNode = FALSE
	EndGlobalSection
EndGlobal
